<Solution>
  <Folder Name="/src/">
    <Project Path="src/Mimir.App/Mimir.App.csproj" />
    <Project Path="src/Mimir.Broadcast/Mimir.Broadcast.csproj" />
    <Project Path="src/Mimir.EveRelay/Mimir.EveRelay.csproj" />
    <Project Path="src/Mimir.EveDialogue/Mimir.EveDialogue.csproj" />
    <Project Path="src/Mimir.EveDashboard/Mimir.EveDashboard.csproj" />
    <Project Path="src/Mimir.EveSensorReceiver/Mimir.EveSensorReceiver.csproj" />
    <Project Path="src/Mimir.FensalirDaemon/Mimir.FensalirDaemon.csproj" />
    <Project Path="src/Mimir.Well/Mimir.Well.csproj" />
    <Project Path="src/Mimir.WellObsDaemon/Mimir.WellObsDaemon.csproj" />
    <Project Path="src/Mimir.VerseRecorder/Mimir.VerseRecorder.csproj" />
    <Project Path="src/Mimir.PsMoveProbe/Mimir.PsMoveProbe.csproj" />
    <Project Path="src/Mimir.WasapiLoopback/Mimir.WasapiLoopback.csproj" />
    <Project Path="src/Mimir.Runtime/Mimir.Runtime.csproj" />
    <Project Path="src/Mimir.BufferSmoke/Mimir.BufferSmoke.csproj" />
  </Folder>
</Solution>
